// !$*UTF8*$!
{
	archiveVersion = 1;
	classes = {
	};
	objectVersion = 48;
	objects = {

/* Begin PBXBuildFile section */
		452C169A4444DD31821164FA /* Pods_Demo.framework in Frameworks */ = {isa = PBXBuildFile; fileRef = 7C29CFB89F926CFC2BF6B141 /* Pods_Demo.framework */; };
		868E85C21FDA9AC9004691AD /* PGActionSheetCalendar.swift in Sources */ = {isa = PBXBuildFile; fileRef = 868E85BE1FDA9AC9004691AD /* PGActionSheetCalendar.swift */; };
		868E85C31FDA9AC9004691AD /* PGActionSheetCalendarDelegate.swift in Sources */ = {isa = PBXBuildFile; fileRef = 868E85BF1FDA9AC9004691AD /* PGActionSheetCalendarDelegate.swift */; };
		868E85C41FDA9AC9004691AD /* PGActionSheetCalendarHeader.swift in Sources */ = {isa = PBXBuildFile; fileRef = 868E85C01FDA9AC9004691AD /* PGActionSheetCalendarHeader.swift */; };
		868E85C51FDA9AC9004691AD /* PGActionSheetCalendarView.swift in Sources */ = {isa = PBXBuildFile; fileRef = 868E85C11FDA9AC9004691AD /* PGActionSheetCalendarView.swift */; };
		86F560221F908BD90091DEA4 /* AppDelegate.swift in Sources */ = {isa = PBXBuildFile; fileRef = 86F560211F908BD90091DEA4 /* AppDelegate.swift */; };
		86F560241F908BD90091DEA4 /* ViewController.swift in Sources */ = {isa = PBXBuildFile; fileRef = 86F560231F908BD90091DEA4 /* ViewController.swift */; };
		86F560271F908BD90091DEA4 /* Main.storyboard in Resources */ = {isa = PBXBuildFile; fileRef = 86F560251F908BD90091DEA4 /* Main.storyboard */; };
		86F560291F908BD90091DEA4 /* Assets.xcassets in Resources */ = {isa = PBXBuildFile; fileRef = 86F560281F908BD90091DEA4 /* Assets.xcassets */; };
		86F5602C1F908BD90091DEA4 /* LaunchScreen.storyboard in Resources */ = {isa = PBXBuildFile; fileRef = 86F5602A1F908BD90091DEA4 /* LaunchScreen.storyboard */; };
/* End PBXBuildFile section */

/* Begin PBXFileReference section */
		37864F0307072C9599A89521 /* Pods-Demo.debug.xcconfig */ = {isa = PBXFileReference; includeInIndex = 1; lastKnownFileType = text.xcconfig; name = "Pods-Demo.debug.xcconfig"; path = "Pods/Target Support Files/Pods-Demo/Pods-Demo.debug.xcconfig"; sourceTree = "<group>"; };
		7C29CFB89F926CFC2BF6B141 /* Pods_Demo.framework */ = {isa = PBXFileReference; explicitFileType = wrapper.framework; includeInIndex = 0; path = Pods_Demo.framework; sourceTree = BUILT_PRODUCTS_DIR; };
		868E85BE1FDA9AC9004691AD /* PGActionSheetCalendar.swift */ = {isa = PBXFileReference; fileEncoding = 4; lastKnownFileType = sourcecode.swift; path = PGActionSheetCalendar.swift; sourceTree = "<group>"; };
		868E85BF1FDA9AC9004691AD /* PGActionSheetCalendarDelegate.swift */ = {isa = PBXFileReference; fileEncoding = 4; lastKnownFileType = sourcecode.swift; path = PGActionSheetCalendarDelegate.swift; sourceTree = "<group>"; };
		868E85C01FDA9AC9004691AD /* PGActionSheetCalendarHeader.swift */ = {isa = PBXFileReference; fileEncoding = 4; lastKnownFileType = sourcecode.swift; path = PGActionSheetCalendarHeader.swift; sourceTree = "<group>"; };
		868E85C11FDA9AC9004691AD /* PGActionSheetCalendarView.swift */ = {isa = PBXFileReference; fileEncoding = 4; lastKnownFileType = sourcecode.swift; path = PGActionSheetCalendarView.swift; sourceTree = "<group>"; };
		86F5601E1F908BD90091DEA4 /* Demo.app */ = {isa = PBXFileReference; explicitFileType = wrapper.application; includeInIndex = 0; path = Demo.app; sourceTree = BUILT_PRODUCTS_DIR; };
		86F560211F908BD90091DEA4 /* AppDelegate.swift */ = {isa = PBXFileReference; lastKnownFileType = sourcecode.swift; path = AppDelegate.swift; sourceTree = "<group>"; };
		86F560231F908BD90091DEA4 /* ViewController.swift */ = {isa = PBXFileReference; lastKnownFileType = sourcecode.swift; path = ViewController.swift; sourceTree = "<group>"; };
		86F560261F908BD90091DEA4 /* Base */ = {isa = PBXFileReference; lastKnownFileType = file.storyboard; name = Base; path = Base.lproj/Main.storyboard; sourceTree = "<group>"; };
		86F560281F908BD90091DEA4 /* Assets.xcassets */ = {isa = PBXFileReference; lastKnownFileType = folder.assetcatalog; path = Assets.xcassets; sourceTree = "<group>"; };
		86F5602B1F908BD90091DEA4 /* Base */ = {isa = PBXFileReference; lastKnownFileType = file.storyboard; name = Base; path = Base.lproj/LaunchScreen.storyboard; sourceTree = "<group>"; };
		86F5602D1F908BD90091DEA4 /* Info.plist */ = {isa = PBXFileReference; lastKnownFileType = text.plist.xml; path = Info.plist; sourceTree = "<group>"; };
		86F560331F908C2A0091DEA4 /* zh-Hans */ = {isa = PBXFileReference; lastKnownFileType = text.plist.strings; name = "zh-Hans"; path = "zh-Hans.lproj/Main.strings"; sourceTree = "<group>"; };
		86F560341F908C2A0091DEA4 /* zh-Hans */ = {isa = PBXFileReference; lastKnownFileType = text.plist.strings; name = "zh-Hans"; path = "zh-Hans.lproj/LaunchScreen.strings"; sourceTree = "<group>"; };
		D6553C6D274129FB04025D1C /* Pods-Demo.release.xcconfig */ = {isa = PBXFileReference; includeInIndex = 1; lastKnownFileType = text.xcconfig; name = "Pods-Demo.release.xcconfig"; path = "Pods/Target Support Files/Pods-Demo/Pods-Demo.release.xcconfig"; sourceTree = "<group>"; };
/* End PBXFileReference section */

/* Begin PBXFrameworksBuildPhase section */
		86F5601B1F908BD90091DEA4 /* Frameworks */ = {
			isa = PBXFrameworksBuildPhase;
			buildActionMask = 2147483647;
			files = (
				452C169A4444DD31821164FA /* Pods_Demo.framework in Frameworks */,
			);
			runOnlyForDeploymentPostprocessing = 0;
		};
/* End PBXFrameworksBuildPhase section */

/* Begin PBXGroup section */
		32CA47C527812763A13E9CE4 /* Frameworks */ = {
			isa = PBXGroup;
			children = (
				7C29CFB89F926CFC2BF6B141 /* Pods_Demo.framework */,
			);
			name = Frameworks;
			sourceTree = "<group>";
		};
		433A48C65B251B98D67A396A /* Pods */ = {
			isa = PBXGroup;
			children = (
				37864F0307072C9599A89521 /* Pods-Demo.debug.xcconfig */,
				D6553C6D274129FB04025D1C /* Pods-Demo.release.xcconfig */,
			);
			name = Pods;
			sourceTree = "<group>";
		};
		868E85BD1FDA9AC9004691AD /* PGActionSheetCalendar */ = {
			isa = PBXGroup;
			children = (
				868E85BE1FDA9AC9004691AD /* PGActionSheetCalendar.swift */,
				868E85BF1FDA9AC9004691AD /* PGActionSheetCalendarDelegate.swift */,
				868E85C01FDA9AC9004691AD /* PGActionSheetCalendarHeader.swift */,
				868E85C11FDA9AC9004691AD /* PGActionSheetCalendarView.swift */,
			);
			name = PGActionSheetCalendar;
			path = ../PGActionSheetCalendar;
			sourceTree = "<group>";
		};
		86F560151F908BD90091DEA4 = {
			isa = PBXGroup;
			children = (
				868E85BD1FDA9AC9004691AD /* PGActionSheetCalendar */,
				86F560201F908BD90091DEA4 /* Demo */,
				86F5601F1F908BD90091DEA4 /* Products */,
				433A48C65B251B98D67A396A /* Pods */,
				32CA47C527812763A13E9CE4 /* Frameworks */,
			);
			sourceTree = "<group>";
		};
		86F5601F1F908BD90091DEA4 /* Products */ = {
			isa = PBXGroup;
			children = (
				86F5601E1F908BD90091DEA4 /* Demo.app */,
			);
			name = Products;
			sourceTree = "<group>";
		};
		86F560201F908BD90091DEA4 /* Demo */ = {
			isa = PBXGroup;
			children = (
				86F560211F908BD90091DEA4 /* AppDelegate.swift */,
				86F560231F908BD90091DEA4 /* ViewController.swift */,
				86F560251F908BD90091DEA4 /* Main.storyboard */,
				86F560281F908BD90091DEA4 /* Assets.xcassets */,
				86F5602A1F908BD90091DEA4 /* LaunchScreen.storyboard */,
				86F5602D1F908BD90091DEA4 /* Info.plist */,
			);
			path = Demo;
			sourceTree = "<group>";
		};
/* End PBXGroup section */

/* Begin PBXNativeTarget section */
		86F5601D1F908BD90091DEA4 /* Demo */ = {
			isa = PBXNativeTarget;
			buildConfigurationList = 86F560301F908BD90091DEA4 /* Build configuration list for PBXNativeTarget "Demo" */;
			buildPhases = (
				8845DDAA932FE3330C974D9C /* [CP] Check Pods Manifest.lock */,
				86F5601A1F908BD90091DEA4 /* Sources */,
				86F5601B1F908BD90091DEA4 /* Frameworks */,
				86F5601C1F908BD90091DEA4 /* Resources */,
				85A96C9EECD3C878A63530AA /* [CP] Embed Pods Frameworks */,
				8D7B26928578E9D2D089B2C5 /* [CP] Copy Pods Resources */,
			);
			buildRules = (
			);
			dependencies = (
			);
			name = Demo;
			productName = Demo;
			productReference = 86F5601E1F908BD90091DEA4 /* Demo.app */;
			productType = "com.apple.product-type.application";
		};
/* End PBXNativeTarget section */

/* Begin PBXProject section */
		86F560161F908BD90091DEA4 /* Project object */ = {
			isa = PBXProject;
			attributes = {
				LastSwiftUpdateCheck = 0900;
				LastUpgradeCheck = 0900;
				ORGANIZATIONNAME = piggybear;
				TargetAttributes = {
					86F5601D1F908BD90091DEA4 = {
						CreatedOnToolsVersion = 9.0;
						ProvisioningStyle = Automatic;
					};
				};
			};
			buildConfigurationList = 86F560191F908BD90091DEA4 /* Build configuration list for PBXProject "Demo" */;
			compatibilityVersion = "Xcode 8.0";
			developmentRegion = en;
			hasScannedForEncodings = 0;
			knownRegions = (
				en,
				Base,
			);
			mainGroup = 86F560151F908BD90091DEA4;
			productRefGroup = 86F5601F1F908BD90091DEA4 /* Products */;
			projectDirPath = "";
			projectRoot = "";
			targets = (
				86F5601D1F908BD90091DEA4 /* Demo */,
			);
		};
/* End PBXProject section */

/* Begin PBXResourcesBuildPhase section */
		86F5601C1F908BD90091DEA4 /* Resources */ = {
			isa = PBXResourcesBuildPhase;
			buildActionMask = 2147483647;
			files = (
				86F5602C1F908BD90091DEA4 /* LaunchScreen.storyboard in Resources */,
				86F560291F908BD90091DEA4 /* Assets.xcassets in Resources */,
				86F560271F908BD90091DEA4 /* Main.storyboard in Resources */,
			);
			runOnlyForDeploymentPostprocessing = 0;
		};
/* End PBXResourcesBuildPhase section */

/* Begin PBXShellScriptBuildPhase section */
		85A96C9EECD3C878A63530AA /* [CP] Embed Pods Frameworks */ = {
			isa = PBXShellScriptBuildPhase;
			buildActionMask = 2147483647;
			files = (
			);
			inputPaths = (
				"${SRCROOT}/Pods/Target Support Files/Pods-Demo/Pods-Demo-frameworks.sh",
				"${BUILT_PRODUCTS_DIR}/FSCalendar/FSCalendar.framework",
				"${BUILT_PRODUCTS_DIR}/PGActionSheetCalendar/PGActionSheetCalendar.framework",
			);
			name = "[CP] Embed Pods Frameworks";
			outputPaths = (
				"${TARGET_BUILD_DIR}/${FRAMEWORKS_FOLDER_PATH}/FSCalendar.framework",
				"${TARGET_BUILD_DIR}/${FRAMEWORKS_FOLDER_PATH}/PGActionSheetCalendar.framework",
			);
			runOnlyForDeploymentPostprocessing = 0;
			shellPath = /bin/sh;
			shellScript = "\"${SRCROOT}/Pods/Target Support Files/Pods-Demo/Pods-Demo-frameworks.sh\"\n";
			showEnvVarsInLog = 0;
		};
		8845DDAA932FE3330C974D9C /* [CP] Check Pods Manifest.lock */ = {
			isa = PBXShellScriptBuildPhase;
			buildActionMask = 2147483647;
			files = (
			);
			inputPaths = (
				"${PODS_PODFILE_DIR_PATH}/Podfile.lock",
				"${PODS_ROOT}/Manifest.lock",
			);
			name = "[CP] Check Pods Manifest.lock";
			outputPaths = (
				"$(DERIVED_FILE_DIR)/Pods-Demo-checkManifestLockResult.txt",
			);
			runOnlyForDeploymentPostprocessing = 0;
			shellPath = /bin/sh;
			shellScript = "diff \"${PODS_PODFILE_DIR_PATH}/Podfile.lock\" \"${PODS_ROOT}/Manifest.lock\" > /dev/null\nif [ $? != 0 ] ; then\n    # print error to STDERR\n    echo \"error: The sandbox is not in sync with the Podfile.lock. Run 'pod install' or update your CocoaPods installation.\" >&2\n    exit 1\nfi\n# This output is used by Xcode 'outputs' to avoid re-running this script phase.\necho \"SUCCESS\" > \"${SCRIPT_OUTPUT_FILE_0}\"\n";
			showEnvVarsInLog = 0;
		};
		8D7B26928578E9D2D089B2C5 /* [CP] Copy Pods Resources */ = {
			isa = PBXShellScriptBuildPhase;
			buildActionMask = 2147483647;
			files = (
			);
			inputPaths = (
			);
			name = "[CP] Copy Pods Resources";
			outputPaths = (
			);
			runOnlyForDeploymentPostprocessing = 0;
			shellPath = /bin/sh;
			shellScript = "\"${SRCROOT}/Pods/Target Support Files/Pods-Demo/Pods-Demo-resources.sh\"\n";
			showEnvVarsInLog = 0;
		};
/* End PBXShellScriptBuildPhase section */

/* Begin PBXSourcesBuildPhase section */
		86F5601A1F908BD90091DEA4 /* Sources */ = {
			isa = PBXSourcesBuildPhase;
			buildActionMask = 2147483647;
			files = (
				868E85C41FDA9AC9004691AD /* PGActionSheetCalendarHeader.swift in Sources */,
				868E85C21FDA9AC9004691AD /* PGActionSheetCalendar.swift in Sources */,
				868E85C31FDA9AC9004691AD /* PGActionSheetCalendarDelegate.swift in Sources */,
				86F560241F908BD90091DEA4 /* ViewController.swift in Sources */,
				86F560221F908BD90091DEA4 /* AppDelegate.swift in Sources */,
				868E85C51FDA9AC9004691AD /* PGActionSheetCalendarView.swift in Sources */,
			);
			runOnlyForDeploymentPostprocessing = 0;
		};
/* End PBXSourcesBuildPhase section */

/* Begin PBXVariantGroup section */
		86F560251F908BD90091DEA4 /* Main.storyboard */ = {
			isa = PBXVariantGroup;
			children = (
				86F560261F908BD90091DEA4 /* Base */,
				86F560331F908C2A0091DEA4 /* zh-Hans */,
			);
			name = Main.storyboard;
			sourceTree = "<group>";
		};
		86F5602A1F908BD90091DEA4 /* LaunchScreen.storyboard */ = {
			isa = PBXVariantGroup;
			children = (
				86F5602B1F908BD90091DEA4 /* Base */,
				86F560341F908C2A0091DEA4 /* zh-Hans */,
			);
			name = LaunchScreen.storyboard;
			sourceTree = "<group>";
		};
/* End PBXVariantGroup section */

/* Begin XCBuildConfiguration section */
		86F5602E1F908BD90091DEA4 /* Debug */ = {
			isa = XCBuildConfiguration;
			buildSettings = {
				ALWAYS_SEARCH_USER_PATHS = NO;
				CLANG_ANALYZER_LOCALIZABILITY_NONLOCALIZED = YES;
				CLANG_ANALYZER_NONNULL = YES;
				CLANG_ANALYZER_NUMBER_OBJECT_CONVERSION = YES_AGGRESSIVE;
				CLANG_CXX_LANGUAGE_STANDARD = "gnu++14";
				CLANG_CXX_LIBRARY = "libc++";
				CLANG_ENABLE_MODULES = YES;
				CLANG_ENABLE_OBJC_ARC = YES;
				CLANG_WARN_BLOCK_CAPTURE_AUTORELEASING = YES;
				CLANG_WARN_BOOL_CONVERSION = YES;
				CLANG_WARN_COMMA = YES;
				CLANG_WARN_CONSTANT_CONVERSION = YES;
				CLANG_WARN_DIRECT_OBJC_ISA_USAGE = YES_ERROR;
				CLANG_WARN_DOCUMENTATION_COMMENTS = YES;
				CLANG_WARN_EMPTY_BODY = YES;
				CLANG_WARN_ENUM_CONVERSION = YES;
				CLANG_WARN_INFINITE_RECURSION = YES;
				CLANG_WARN_INT_CONVERSION = YES;
				CLANG_WARN_NON_LITERAL_NULL_CONVERSION = YES;
				CLANG_WARN_OBJC_LITERAL_CONVERSION = YES;
				CLANG_WARN_OBJC_ROOT_CLASS = YES_ERROR;
				CLANG_WARN_RANGE_LOOP_ANALYSIS = YES;
				CLANG_WARN_STRICT_PROTOTYPES = YES;
				CLANG_WARN_SUSPICIOUS_MOVE = YES;
				CLANG_WARN_UNGUARDED_AVAILABILITY = YES_AGGRESSIVE;
				CLANG_WARN_UNREACHABLE_CODE = YES;
				CLANG_WARN__DUPLICATE_METHOD_MATCH = YES;
				CODE_SIGN_IDENTITY = "iPhone Developer";
				COPY_PHASE_STRIP = NO;
				DEBUG_INFORMATION_FORMAT = dwarf;
				ENABLE_STRICT_OBJC_MSGSEND = YES;
				ENABLE_TESTABILITY = YES;
				GCC_C_LANGUAGE_STANDARD = gnu11;
				GCC_DYNAMIC_NO_PIC = NO;
				GCC_NO_COMMON_BLOCKS = YES;
				GCC_OPTIMIZATION_LEVEL = 0;
				GCC_PREPROCESSOR_DEFINITIONS = (
					"DEBUG=1",
					"$(inherited)",
				);
				GCC_WARN_64_TO_32_BIT_CONVERSION = YES;
				GCC_WARN_ABOUT_RETURN_TYPE = YES_ERROR;
				GCC_WARN_UNDECLARED_SELECTOR = YES;
				GCC_WARN_UNINITIALIZED_AUTOS = YES_AGGRESSIVE;
				GCC_WARN_UNUSED_FUNCTION = YES;
				GCC_WARN_UNUSED_VARIABLE = YES;
				IPHONEOS_DEPLOYMENT_TARGET = 11.0;
				MTL_ENABLE_DEBUG_INFO = YES;
				ONLY_ACTIVE_ARCH = YES;
				SDKROOT = iphoneos;
				SWIFT_ACTIVE_COMPILATION_CONDITIONS = DEBUG;
				SWIFT_OPTIMIZATION_LEVEL = "-Onone";
			};
			name = Debug;
		};
		86F5602F1F908BD90091DEA4 /* Release */ = {
			isa = XCBuildConfiguration;
			buildSettings = {
				ALWAYS_SEARCH_USER_PATHS = NO;
				CLANG_ANALYZER_LOCALIZABILITY_NONLOCALIZED = YES;
				CLANG_ANALYZER_NONNULL = YES;
				CLANG_ANALYZER_NUMBER_OBJECT_CONVERSION = YES_AGGRESSIVE;
				CLANG_CXX_LANGUAGE_STANDARD = "gnu++14";
				CLANG_CXX_LIBRARY = "libc++";
				CLANG_ENABLE_MODULES = YES;
				CLANG_ENABLE_OBJC_ARC = YES;
				CLANG_WARN_BLOCK_CAPTURE_AUTORELEASING = YES;
				CLANG_WARN_BOOL_CONVERSION = YES;
				CLANG_WARN_COMMA = YES;
				CLANG_WARN_CONSTANT_CONVERSION = YES;
				CLANG_WARN_DIRECT_OBJC_ISA_USAGE = YES_ERROR;
				CLANG_WARN_DOCUMENTATION_COMMENTS = YES;
				CLANG_WARN_EMPTY_BODY = YES;
				CLANG_WARN_ENUM_CONVERSION = YES;
				CLANG_WARN_INFINITE_RECURSION = YES;
				CLANG_WARN_INT_CONVERSION = YES;
				CLANG_WARN_NON_LITERAL_NULL_CONVERSION = YES;
				CLANG_WARN_OBJC_LITERAL_CONVERSION = YES;
				CLANG_WARN_OBJC_ROOT_CLASS = YES_ERROR;
				CLANG_WARN_RANGE_LOOP_ANALYSIS = YES;
				CLANG_WARN_STRICT_PROTOTYPES = YES;
				CLANG_WARN_SUSPICIOUS_MOVE = YES;
				CLANG_WARN_UNGUARDED_AVAILABILITY = YES_AGGRESSIVE;
				CLANG_WARN_UNREACHABLE_CODE = YES;
				CLANG_WARN__DUPLICATE_METHOD_MATCH = YES;
				CODE_SIGN_IDENTITY = "iPhone Developer";
				COPY_PHASE_STRIP = NO;
				DEBUG_INFORMATION_FORMAT = "dwarf-with-dsym";
				ENABLE_NS_ASSERTIONS = NO;
				ENABLE_STRICT_OBJC_MSGSEND = YES;
				GCC_C_LANGUAGE_STANDARD = gnu11;
				GCC_NO_COMMON_BLOCKS = YES;
				GCC_WARN_64_TO_32_BIT_CONVERSION = YES;
				GCC_WARN_ABOUT_RETURN_TYPE = YES_ERROR;
				GCC_WARN_UNDECLARED_SELECTOR = YES;
				GCC_WARN_UNINITIALIZED_AUTOS = YES_AGGRESSIVE;
				GCC_WARN_UNUSED_FUNCTION = YES;
				GCC_WARN_UNUSED_VARIABLE = YES;
				IPHONEOS_DEPLOYMENT_TARGET = 11.0;
				MTL_ENABLE_DEBUG_INFO = NO;
				SDKROOT = iphoneos;
				SWIFT_OPTIMIZATION_LEVEL = "-Owholemodule";
				VALIDATE_PRODUCT = YES;
			};
			name = Release;
		};
		86F560311F908BD90091DEA4 /* Debug */ = {
			isa = XCBuildConfiguration;
			baseConfigurationReference = 37864F0307072C9599A89521 /* Pods-Demo.debug.xcconfig */;
			buildSettings = {
				ASSETCATALOG_COMPILER_APPICON_NAME = AppIcon;
				CODE_SIGN_STYLE = Automatic;
				DEVELOPMENT_TEAM = 65MUSRJ8L7;
				INFOPLIST_FILE = Demo/Info.plist;
				LD_RUNPATH_SEARCH_PATHS = "$(inherited) @executable_path/Frameworks";
				PRODUCT_BUNDLE_IDENTIFIER = piggybear.Demo;
				PRODUCT_NAME = "$(TARGET_NAME)";
				SWIFT_VERSION = 4.0;
				TARGETED_DEVICE_FAMILY = "1,2";
			};
			name = Debug;
		};
		86F560321F908BD90091DEA4 /* Release */ = {
			isa = XCBuildConfiguration;
			baseConfigurationReference = D6553C6D274129FB04025D1C /* Pods-Demo.release.xcconfig */;
			buildSettings = {
				ASSETCATALOG_COMPILER_APPICON_NAME = AppIcon;
				CODE_SIGN_STYLE = Automatic;
				DEVELOPMENT_TEAM = 65MUSRJ8L7;
				INFOPLIST_FILE = Demo/Info.plist;
				LD_RUNPATH_SEARCH_PATHS = "$(inherited) @executable_path/Frameworks";
				PRODUCT_BUNDLE_IDENTIFIER = piggybear.Demo;
				PRODUCT_NAME = "$(TARGET_NAME)";
				SWIFT_VERSION = 4.0;
				TARGETED_DEVICE_FAMILY = "1,2";
			};
			name = Release;
		};
/* End XCBuildConfiguration section */

/* Begin XCConfigurationList section */
		86F560191F908BD90091DEA4 /* Build configuration list for PBXProject "Demo" */ = {
			isa = XCConfigurationList;
			buildConfigurations = (
				86F5602E1F908BD90091DEA4 /* Debug */,
				86F5602F1F908BD90091DEA4 /* Release */,
			);
			defaultConfigurationIsVisible = 0;
			defaultConfigurationName = Release;
		};
		86F560301F908BD90091DEA4 /* Build configuration list for PBXNativeTarget "Demo" */ = {
			isa = XCConfigurationList;
			buildConfigurations = (
				86F560311F908BD90091DEA4 /* Debug */,
				86F560321F908BD90091DEA4 /* Release */,
			);
			defaultConfigurationIsVisible = 0;
			defaultConfigurationName = Release;
		};
/* End XCConfigurationList section */
	};
	rootObject = 86F560161F908BD90091DEA4 /* Project object */;
}
